
Microsoft Visual Studio Solution File, Format Version 12.00
# Visual Studio 15
VisualStudioVersion = 15.0.28010.2048
MinimumVisualStudioVersion = 10.0.40219.1
Project("{FAE04EC0-301F-11D3-BF4B-00C04F79EFBC}") = "Печатная машинка", "Печатная машинка\Печатная машинка.csproj", "{D34E137E-4500-487F-AE95-182AAE0A216B}"
EndProject
Global
	GlobalSection(SolutionConfigurationPlatforms) = preSolution
		Debug|Any CPU = Debug|Any CPU
		Release|Any CPU = Release|Any CPU
	EndGlobalSection
	GlobalSection(ProjectConfigurationPlatforms) = postSolution
		{D34E137E-4500-487F-AE95-182AAE0A216B}.Debug|Any CPU.ActiveCfg = Debug|Any CPU
		{D34E137E-4500-487F-AE95-182AAE0A216B}.Debug|Any CPU.Build.0 = Debug|Any CPU
		{D34E137E-4500-487F-AE95-182AAE0A216B}.Release|Any CPU.ActiveCfg = Release|Any CPU
		{D34E137E-4500-487F-AE95-182AAE0A216B}.Release|Any CPU.Build.0 = Release|Any CPU
	EndGlobalSection
	GlobalSection(SolutionProperties) = preSolution
		HideSolutionNode = FALSE
	EndGlobalSection
	GlobalSection(ExtensibilityGlobals) = postSolution
		SolutionGuid = {740587A9-B0A4-4849-AD08-4D3AC01043B8}
	EndGlobalSection
EndGlobal
