
Microsoft Visual Studio Solution File, Format Version 12.00
# Visual Studio 15
VisualStudioVersion = 15.0.28010.2003
MinimumVisualStudioVersion = 10.0.40219.1
Project("{FAE04EC0-301F-11D3-BF4B-00C04F79EFBC}") = "ConsoleApp1", "ConsoleApp1\ConsoleApp1.csproj", "{F0A7D34F-42C9-4CC7-AA43-ABB636610887}"
EndProject
Global
	GlobalSection(SolutionConfigurationPlatforms) = preSolution
		Debug|Any CPU = Debug|Any CPU
		Release|Any CPU = Release|Any CPU
	EndGlobalSection
	GlobalSection(ProjectConfigurationPlatforms) = postSolution
		{F0A7D34F-42C9-4CC7-AA43-ABB636610887}.Debug|Any CPU.ActiveCfg = Debug|Any CPU
		{F0A7D34F-42C9-4CC7-AA43-ABB636610887}.Debug|Any CPU.Build.0 = Debug|Any CPU
		{F0A7D34F-42C9-4CC7-AA43-ABB636610887}.Release|Any CPU.ActiveCfg = Release|Any CPU
		{F0A7D34F-42C9-4CC7-AA43-ABB636610887}.Release|Any CPU.Build.0 = Release|Any CPU
	EndGlobalSection
	GlobalSection(SolutionProperties) = preSolution
		HideSolutionNode = FALSE
	EndGlobalSection
	GlobalSection(ExtensibilityGlobals) = postSolution
		SolutionGuid = {9264A4CE-EE2C-495A-98E1-1BEF659633DA}
	EndGlobalSection
EndGlobal
