
Microsoft Visual Studio Solution File, Format Version 12.00
# Visual Studio 15
VisualStudioVersion = 15.0.28010.2003
MinimumVisualStudioVersion = 10.0.40219.1
Project("{FAE04EC0-301F-11D3-BF4B-00C04F79EFBC}") = "Task1", "Task1\Task1.csproj", "{467AE073-E9A6-456B-B5DA-5BAF1C51B4E9}"
EndProject
Project("{FAE04EC0-301F-11D3-BF4B-00C04F79EFBC}") = "Task3", "Task3\Task3.csproj", "{09600B0B-1B7C-4EE3-9210-FB652540B623}"
EndProject
Project("{FAE04EC0-301F-11D3-BF4B-00C04F79EFBC}") = "Task2", "ConsoleApp1\Task2.csproj", "{853F7608-1E55-4DB0-A465-53B3A5C18093}"
EndProject
Global
	GlobalSection(SolutionConfigurationPlatforms) = preSolution
		Debug|Any CPU = Debug|Any CPU
		Release|Any CPU = Release|Any CPU
	EndGlobalSection
	GlobalSection(ProjectConfigurationPlatforms) = postSolution
		{467AE073-E9A6-456B-B5DA-5BAF1C51B4E9}.Debug|Any CPU.ActiveCfg = Debug|Any CPU
		{467AE073-E9A6-456B-B5DA-5BAF1C51B4E9}.Debug|Any CPU.Build.0 = Debug|Any CPU
		{467AE073-E9A6-456B-B5DA-5BAF1C51B4E9}.Release|Any CPU.ActiveCfg = Release|Any CPU
		{467AE073-E9A6-456B-B5DA-5BAF1C51B4E9}.Release|Any CPU.Build.0 = Release|Any CPU
		{09600B0B-1B7C-4EE3-9210-FB652540B623}.Debug|Any CPU.ActiveCfg = Debug|Any CPU
		{09600B0B-1B7C-4EE3-9210-FB652540B623}.Debug|Any CPU.Build.0 = Debug|Any CPU
		{09600B0B-1B7C-4EE3-9210-FB652540B623}.Release|Any CPU.ActiveCfg = Release|Any CPU
		{09600B0B-1B7C-4EE3-9210-FB652540B623}.Release|Any CPU.Build.0 = Release|Any CPU
		{853F7608-1E55-4DB0-A465-53B3A5C18093}.Debug|Any CPU.ActiveCfg = Debug|Any CPU
		{853F7608-1E55-4DB0-A465-53B3A5C18093}.Debug|Any CPU.Build.0 = Debug|Any CPU
		{853F7608-1E55-4DB0-A465-53B3A5C18093}.Release|Any CPU.ActiveCfg = Release|Any CPU
		{853F7608-1E55-4DB0-A465-53B3A5C18093}.Release|Any CPU.Build.0 = Release|Any CPU
	EndGlobalSection
	GlobalSection(SolutionProperties) = preSolution
		HideSolutionNode = FALSE
	EndGlobalSection
	GlobalSection(ExtensibilityGlobals) = postSolution
		SolutionGuid = {5054CA89-0A2A-4BE5-B42D-542E72F3A694}
	EndGlobalSection
EndGlobal
