
Microsoft Visual Studio Solution File, Format Version 12.00
# Visual Studio 15
VisualStudioVersion = 15.0.28010.2003
MinimumVisualStudioVersion = 10.0.40219.1
Project("{FAE04EC0-301F-11D3-BF4B-00C04F79EFBC}") = "Cards", "Cards\Cards.csproj", "{DFD64229-B818-462A-B442-7265015F3954}"
EndProject
Project("{2150E333-8FDC-42A3-9474-1A3956D46DE8}") = "PL", "PL", "{B148DB2B-5178-45FB-BB7A-D5E3238BCDFF}"
EndProject
Project("{2150E333-8FDC-42A3-9474-1A3956D46DE8}") = "Common", "Common", "{F66C75EC-D98F-462E-81EA-5705B3F749B1}"
EndProject
Project("{FAE04EC0-301F-11D3-BF4B-00C04F79EFBC}") = "Entities", "Entities\Entities.csproj", "{D3A96BBF-8CE9-4A7F-940F-6E7D7F5C8A01}"
EndProject
Global
	GlobalSection(SolutionConfigurationPlatforms) = preSolution
		Debug|Any CPU = Debug|Any CPU
		Release|Any CPU = Release|Any CPU
	EndGlobalSection
	GlobalSection(ProjectConfigurationPlatforms) = postSolution
		{DFD64229-B818-462A-B442-7265015F3954}.Debug|Any CPU.ActiveCfg = Debug|Any CPU
		{DFD64229-B818-462A-B442-7265015F3954}.Debug|Any CPU.Build.0 = Debug|Any CPU
		{DFD64229-B818-462A-B442-7265015F3954}.Release|Any CPU.ActiveCfg = Release|Any CPU
		{DFD64229-B818-462A-B442-7265015F3954}.Release|Any CPU.Build.0 = Release|Any CPU
		{D3A96BBF-8CE9-4A7F-940F-6E7D7F5C8A01}.Debug|Any CPU.ActiveCfg = Debug|Any CPU
		{D3A96BBF-8CE9-4A7F-940F-6E7D7F5C8A01}.Debug|Any CPU.Build.0 = Debug|Any CPU
		{D3A96BBF-8CE9-4A7F-940F-6E7D7F5C8A01}.Release|Any CPU.ActiveCfg = Release|Any CPU
		{D3A96BBF-8CE9-4A7F-940F-6E7D7F5C8A01}.Release|Any CPU.Build.0 = Release|Any CPU
	EndGlobalSection
	GlobalSection(SolutionProperties) = preSolution
		HideSolutionNode = FALSE
	EndGlobalSection
	GlobalSection(NestedProjects) = preSolution
		{DFD64229-B818-462A-B442-7265015F3954} = {B148DB2B-5178-45FB-BB7A-D5E3238BCDFF}
		{D3A96BBF-8CE9-4A7F-940F-6E7D7F5C8A01} = {F66C75EC-D98F-462E-81EA-5705B3F749B1}
	EndGlobalSection
	GlobalSection(ExtensibilityGlobals) = postSolution
		SolutionGuid = {64C7D419-B2BC-4B6F-8CC3-ADCD02046478}
	EndGlobalSection
EndGlobal
