
Microsoft Visual Studio Solution File, Format Version 12.00
# Visual Studio 15
VisualStudioVersion = 15.0.28010.2003
MinimumVisualStudioVersion = 10.0.40219.1
Project("{FAE04EC0-301F-11D3-BF4B-00C04F79EFBC}") = "с95", "с95\с95.csproj", "{375C5E87-4F50-4A59-BC95-E6FE1B00A269}"
EndProject
Global
	GlobalSection(SolutionConfigurationPlatforms) = preSolution
		Debug|Any CPU = Debug|Any CPU
		Release|Any CPU = Release|Any CPU
	EndGlobalSection
	GlobalSection(ProjectConfigurationPlatforms) = postSolution
		{375C5E87-4F50-4A59-BC95-E6FE1B00A269}.Debug|Any CPU.ActiveCfg = Debug|Any CPU
		{375C5E87-4F50-4A59-BC95-E6FE1B00A269}.Debug|Any CPU.Build.0 = Debug|Any CPU
		{375C5E87-4F50-4A59-BC95-E6FE1B00A269}.Release|Any CPU.ActiveCfg = Release|Any CPU
		{375C5E87-4F50-4A59-BC95-E6FE1B00A269}.Release|Any CPU.Build.0 = Release|Any CPU
	EndGlobalSection
	GlobalSection(SolutionProperties) = preSolution
		HideSolutionNode = FALSE
	EndGlobalSection
	GlobalSection(ExtensibilityGlobals) = postSolution
		SolutionGuid = {7C338217-767C-43FF-9C5B-59A1DDFDA4F7}
	EndGlobalSection
EndGlobal
