
Microsoft Visual Studio Solution File, Format Version 12.00
# Visual Studio 15
VisualStudioVersion = 15.0.28010.2048
MinimumVisualStudioVersion = 10.0.40219.1
Project("{FAE04EC0-301F-11D3-BF4B-00C04F79EFBC}") = "Парни", "Парни\Парни.csproj", "{26161245-8BB4-49AF-99A0-384F97BF97D6}"
EndProject
Global
	GlobalSection(SolutionConfigurationPlatforms) = preSolution
		Debug|Any CPU = Debug|Any CPU
		Release|Any CPU = Release|Any CPU
	EndGlobalSection
	GlobalSection(ProjectConfigurationPlatforms) = postSolution
		{26161245-8BB4-49AF-99A0-384F97BF97D6}.Debug|Any CPU.ActiveCfg = Debug|Any CPU
		{26161245-8BB4-49AF-99A0-384F97BF97D6}.Debug|Any CPU.Build.0 = Debug|Any CPU
		{26161245-8BB4-49AF-99A0-384F97BF97D6}.Release|Any CPU.ActiveCfg = Release|Any CPU
		{26161245-8BB4-49AF-99A0-384F97BF97D6}.Release|Any CPU.Build.0 = Release|Any CPU
	EndGlobalSection
	GlobalSection(SolutionProperties) = preSolution
		HideSolutionNode = FALSE
	EndGlobalSection
	GlobalSection(ExtensibilityGlobals) = postSolution
		SolutionGuid = {D0B203EF-6E35-4E8E-8B6D-4F34549F80AF}
	EndGlobalSection
EndGlobal
