
Microsoft Visual Studio Solution File, Format Version 12.00
# Visual Studio 15
VisualStudioVersion = 15.0.28010.2003
MinimumVisualStudioVersion = 10.0.40219.1
Project("{FAE04EC0-301F-11D3-BF4B-00C04F79EFBC}") = "Vasileva_Alyona_Task07", "Vasileva_Alyona_Task07\Vasileva_Alyona_Task07.csproj", "{F1BB6003-C38F-4D78-B7B4-8F1DB4139465}"
EndProject
Project("{FAE04EC0-301F-11D3-BF4B-00C04F79EFBC}") = "Task1", "ConsoleApp1\Task1.csproj", "{5CA480C9-88EB-4EB5-A399-CD037B3453AA}"
EndProject
Project("{FAE04EC0-301F-11D3-BF4B-00C04F79EFBC}") = "Task2", "ConsoleApp2\Task2.csproj", "{9C38B743-F6AC-4BFE-A61E-88ECAB52058B}"
EndProject
Project("{FAE04EC0-301F-11D3-BF4B-00C04F79EFBC}") = "Task3", "Task3\Task3.csproj", "{A528ED40-A18F-445F-B091-30FEBAEB020B}"
EndProject
Project("{FAE04EC0-301F-11D3-BF4B-00C04F79EFBC}") = "Task4", "ConsoleApp3\Task4.csproj", "{504D6C14-D2CC-49F6-A0E2-999B853AF947}"
EndProject
Project("{FAE04EC0-301F-11D3-BF4B-00C04F79EFBC}") = "ClassLibrary1", "ClassLibrary1\ClassLibrary1.csproj", "{0852FD6F-B45D-44AE-A466-36043B266738}"
EndProject
Global
	GlobalSection(SolutionConfigurationPlatforms) = preSolution
		Debug|Any CPU = Debug|Any CPU
		Release|Any CPU = Release|Any CPU
	EndGlobalSection
	GlobalSection(ProjectConfigurationPlatforms) = postSolution
		{F1BB6003-C38F-4D78-B7B4-8F1DB4139465}.Debug|Any CPU.ActiveCfg = Debug|Any CPU
		{F1BB6003-C38F-4D78-B7B4-8F1DB4139465}.Debug|Any CPU.Build.0 = Debug|Any CPU
		{F1BB6003-C38F-4D78-B7B4-8F1DB4139465}.Release|Any CPU.ActiveCfg = Release|Any CPU
		{F1BB6003-C38F-4D78-B7B4-8F1DB4139465}.Release|Any CPU.Build.0 = Release|Any CPU
		{5CA480C9-88EB-4EB5-A399-CD037B3453AA}.Debug|Any CPU.ActiveCfg = Debug|Any CPU
		{5CA480C9-88EB-4EB5-A399-CD037B3453AA}.Debug|Any CPU.Build.0 = Debug|Any CPU
		{5CA480C9-88EB-4EB5-A399-CD037B3453AA}.Release|Any CPU.ActiveCfg = Release|Any CPU
		{5CA480C9-88EB-4EB5-A399-CD037B3453AA}.Release|Any CPU.Build.0 = Release|Any CPU
		{9C38B743-F6AC-4BFE-A61E-88ECAB52058B}.Debug|Any CPU.ActiveCfg = Debug|Any CPU
		{9C38B743-F6AC-4BFE-A61E-88ECAB52058B}.Debug|Any CPU.Build.0 = Debug|Any CPU
		{9C38B743-F6AC-4BFE-A61E-88ECAB52058B}.Release|Any CPU.ActiveCfg = Release|Any CPU
		{9C38B743-F6AC-4BFE-A61E-88ECAB52058B}.Release|Any CPU.Build.0 = Release|Any CPU
		{A528ED40-A18F-445F-B091-30FEBAEB020B}.Debug|Any CPU.ActiveCfg = Debug|Any CPU
		{A528ED40-A18F-445F-B091-30FEBAEB020B}.Debug|Any CPU.Build.0 = Debug|Any CPU
		{A528ED40-A18F-445F-B091-30FEBAEB020B}.Release|Any CPU.ActiveCfg = Release|Any CPU
		{A528ED40-A18F-445F-B091-30FEBAEB020B}.Release|Any CPU.Build.0 = Release|Any CPU
		{504D6C14-D2CC-49F6-A0E2-999B853AF947}.Debug|Any CPU.ActiveCfg = Debug|Any CPU
		{504D6C14-D2CC-49F6-A0E2-999B853AF947}.Debug|Any CPU.Build.0 = Debug|Any CPU
		{504D6C14-D2CC-49F6-A0E2-999B853AF947}.Release|Any CPU.ActiveCfg = Release|Any CPU
		{504D6C14-D2CC-49F6-A0E2-999B853AF947}.Release|Any CPU.Build.0 = Release|Any CPU
		{0852FD6F-B45D-44AE-A466-36043B266738}.Debug|Any CPU.ActiveCfg = Debug|Any CPU
		{0852FD6F-B45D-44AE-A466-36043B266738}.Debug|Any CPU.Build.0 = Debug|Any CPU
		{0852FD6F-B45D-44AE-A466-36043B266738}.Release|Any CPU.ActiveCfg = Release|Any CPU
		{0852FD6F-B45D-44AE-A466-36043B266738}.Release|Any CPU.Build.0 = Release|Any CPU
	EndGlobalSection
	GlobalSection(SolutionProperties) = preSolution
		HideSolutionNode = FALSE
	EndGlobalSection
	GlobalSection(ExtensibilityGlobals) = postSolution
		SolutionGuid = {3BBA00BB-31AA-46AC-A495-B02F5A58C065}
	EndGlobalSection
EndGlobal
