
Microsoft Visual Studio Solution File, Format Version 12.00
# Visual Studio 2012
Project("{FAE04EC0-301F-11D3-BF4B-00C04F79EFBC}") = "WinForms", "WinForms\WinForms.csproj", "{11F26B78-203C-4A5E-A1AD-A2A02C70C42A}"
EndProject
Project("{2150E333-8FDC-42A3-9474-1A3956D46DE8}") = "PL", "PL", "{31E01915-F604-40A0-9E81-561FE7832EE6}"
EndProject
Project("{2150E333-8FDC-42A3-9474-1A3956D46DE8}") = "BLL", "BLL", "{6F8CEC53-70F2-4623-8D9E-D4A1B848B661}"
EndProject
Project("{2150E333-8FDC-42A3-9474-1A3956D46DE8}") = "DAL", "DAL", "{0EA23F63-F4C5-4F73-A258-D12ADEA7C019}"
EndProject
Project("{FAE04EC0-301F-11D3-BF4B-00C04F79EFBC}") = "Department.DAL", "Department.DAL\Department.DAL.csproj", "{2C78D497-5143-4779-80DC-6CB7C5A7DE41}"
EndProject
Project("{FAE04EC0-301F-11D3-BF4B-00C04F79EFBC}") = "Department.BLL", "Department.BLL\Department.BLL.csproj", "{9AE8EAC7-B8F5-47E9-9C93-54028940EBF2}"
EndProject
Project("{2150E333-8FDC-42A3-9474-1A3956D46DE8}") = "Common", "Common", "{648F37BB-0013-4F63-B8E4-85C6455C05F1}"
EndProject
Project("{FAE04EC0-301F-11D3-BF4B-00C04F79EFBC}") = "Entities", "Entities\Entities.csproj", "{8D7F86A5-F22E-4BD2-BC74-E7BFC14197EB}"
EndProject
Global
	GlobalSection(SolutionConfigurationPlatforms) = preSolution
		Debug|Any CPU = Debug|Any CPU
		Release|Any CPU = Release|Any CPU
	EndGlobalSection
	GlobalSection(ProjectConfigurationPlatforms) = postSolution
		{11F26B78-203C-4A5E-A1AD-A2A02C70C42A}.Debug|Any CPU.ActiveCfg = Debug|Any CPU
		{11F26B78-203C-4A5E-A1AD-A2A02C70C42A}.Debug|Any CPU.Build.0 = Debug|Any CPU
		{11F26B78-203C-4A5E-A1AD-A2A02C70C42A}.Release|Any CPU.ActiveCfg = Release|Any CPU
		{11F26B78-203C-4A5E-A1AD-A2A02C70C42A}.Release|Any CPU.Build.0 = Release|Any CPU
		{2C78D497-5143-4779-80DC-6CB7C5A7DE41}.Debug|Any CPU.ActiveCfg = Debug|Any CPU
		{2C78D497-5143-4779-80DC-6CB7C5A7DE41}.Debug|Any CPU.Build.0 = Debug|Any CPU
		{2C78D497-5143-4779-80DC-6CB7C5A7DE41}.Release|Any CPU.ActiveCfg = Release|Any CPU
		{2C78D497-5143-4779-80DC-6CB7C5A7DE41}.Release|Any CPU.Build.0 = Release|Any CPU
		{9AE8EAC7-B8F5-47E9-9C93-54028940EBF2}.Debug|Any CPU.ActiveCfg = Debug|Any CPU
		{9AE8EAC7-B8F5-47E9-9C93-54028940EBF2}.Debug|Any CPU.Build.0 = Debug|Any CPU
		{9AE8EAC7-B8F5-47E9-9C93-54028940EBF2}.Release|Any CPU.ActiveCfg = Release|Any CPU
		{9AE8EAC7-B8F5-47E9-9C93-54028940EBF2}.Release|Any CPU.Build.0 = Release|Any CPU
		{8D7F86A5-F22E-4BD2-BC74-E7BFC14197EB}.Debug|Any CPU.ActiveCfg = Debug|Any CPU
		{8D7F86A5-F22E-4BD2-BC74-E7BFC14197EB}.Debug|Any CPU.Build.0 = Debug|Any CPU
		{8D7F86A5-F22E-4BD2-BC74-E7BFC14197EB}.Release|Any CPU.ActiveCfg = Release|Any CPU
		{8D7F86A5-F22E-4BD2-BC74-E7BFC14197EB}.Release|Any CPU.Build.0 = Release|Any CPU
	EndGlobalSection
	GlobalSection(SolutionProperties) = preSolution
		HideSolutionNode = FALSE
	EndGlobalSection
	GlobalSection(NestedProjects) = preSolution
		{11F26B78-203C-4A5E-A1AD-A2A02C70C42A} = {31E01915-F604-40A0-9E81-561FE7832EE6}
		{9AE8EAC7-B8F5-47E9-9C93-54028940EBF2} = {6F8CEC53-70F2-4623-8D9E-D4A1B848B661}
		{2C78D497-5143-4779-80DC-6CB7C5A7DE41} = {0EA23F63-F4C5-4F73-A258-D12ADEA7C019}
		{8D7F86A5-F22E-4BD2-BC74-E7BFC14197EB} = {648F37BB-0013-4F63-B8E4-85C6455C05F1}
	EndGlobalSection
EndGlobal
